
Microsoft Visual Studio Solution File, Format Version 12.00
# Visual Studio Version 18
VisualStudioVersion = 18.2.11415.280 d18.0
MinimumVisualStudioVersion = 10.0.40219.1
Project("{2150E333-8FDC-42A3-9474-1A3956D46DE8}") = "Recruiter", "Recruiter", "{87D8E73C-749D-5630-5445-424D31CF16A8}"
EndProject
Project("{2150E333-8FDC-42A3-9474-1A3956D46DE8}") = "Domain", "Domain", "{3B6D15EA-F82C-7567-4AD9-C9C78CEC4EFF}"
EndProject
Project("{FAE04EC0-301F-11D3-BF4B-00C04F79EFBC}") = "Recruiter.Domain", "Recruiter\Domain\Recruiter.Domain.csproj", "{2287CCC2-8C5C-46D9-B63E-F82699E2B395}"
EndProject
Project("{2150E333-8FDC-42A3-9474-1A3956D46DE8}") = "Infrastructure", "Infrastructure", "{764ECBEB-3104-5668-C689-5BBE1FC9A677}"
EndProject
Project("{FAE04EC0-301F-11D3-BF4B-00C04F79EFBC}") = "Recruiter.Infrastructure", "Recruiter\Infrastructure\Recruiter.Infrastructure.csproj", "{0F1E4C33-B539-45B6-A287-F0EB5F72D74A}"
EndProject
Project("{2150E333-8FDC-42A3-9474-1A3956D46DE8}") = "Application", "Application", "{750C5431-BB8A-D11C-65B2-0F4CEFACA8C8}"
EndProject
Project("{FAE04EC0-301F-11D3-BF4B-00C04F79EFBC}") = "Recruiter.Application", "Recruiter\Application\Recruiter.Application.csproj", "{F44BA633-AD95-45EC-A1E0-6C436C308E8A}"
EndProject
Project("{2150E333-8FDC-42A3-9474-1A3956D46DE8}") = "WebApi", "WebApi", "{1225A973-F010-9031-2030-8A0C6E727E3A}"
EndProject
Project("{FAE04EC0-301F-11D3-BF4B-00C04F79EFBC}") = "Recruiter.WebApi", "Recruiter\WebApi\Recruiter.WebApi.csproj", "{1C90D90F-974F-4BC3-9546-3C09E178DA23}"
EndProject
Project("{2150E333-8FDC-42A3-9474-1A3956D46DE8}") = "UnitTests", "UnitTests", "{B2799736-BF3E-8E10-C66C-F85F66A75E7A}"
EndProject
Project("{FAE04EC0-301F-11D3-BF4B-00C04F79EFBC}") = "Recruiter.UnitTests", "Recruiter\UnitTests\Recruiter.UnitTests.csproj", "{23F46C05-0B04-4E5F-8313-B52DFF7A95BC}"
EndProject
Project("{2150E333-8FDC-42A3-9474-1A3956D46DE8}") = "CVProcessor", "CVProcessor", "{45A8C380-F1DD-8CFB-3427-25A38C601905}"
EndProject
Project("{FAE04EC0-301F-11D3-BF4B-00C04F79EFBC}") = "Recruiter.CVProcessor", "Recruiter\CVProcessor\Recruiter.CVProcessor.csproj", "{A4904BCC-CC0F-410C-AC81-48EAF9868684}"
EndProject
Project("{2150E333-8FDC-42A3-9474-1A3956D46DE8}") = "DataSyncFunctionApp", "DataSyncFunctionApp", "{02EA681E-C7D8-13C7-8484-4AC65E1B71E8}"
EndProject
Project("{FAE04EC0-301F-11D3-BF4B-00C04F79EFBC}") = "DataSyncService", "DataSyncService\DataSyncService.csproj", "{768BF920-D66A-4B78-9636-427A60E33D9A}"
EndProject
Global
	GlobalSection(SolutionConfigurationPlatforms) = preSolution
		Debug|Any CPU = Debug|Any CPU
		Debug|x64 = Debug|x64
		Debug|x86 = Debug|x86
		Release|Any CPU = Release|Any CPU
		Release|x64 = Release|x64
		Release|x86 = Release|x86
	EndGlobalSection
	GlobalSection(ProjectConfigurationPlatforms) = postSolution
		{2287CCC2-8C5C-46D9-B63E-F82699E2B395}.Debug|Any CPU.ActiveCfg = Debug|Any CPU
		{2287CCC2-8C5C-46D9-B63E-F82699E2B395}.Debug|Any CPU.Build.0 = Debug|Any CPU
		{2287CCC2-8C5C-46D9-B63E-F82699E2B395}.Debug|x64.ActiveCfg = Debug|Any CPU
		{2287CCC2-8C5C-46D9-B63E-F82699E2B395}.Debug|x64.Build.0 = Debug|Any CPU
		{2287CCC2-8C5C-46D9-B63E-F82699E2B395}.Debug|x86.ActiveCfg = Debug|Any CPU
		{2287CCC2-8C5C-46D9-B63E-F82699E2B395}.Debug|x86.Build.0 = Debug|Any CPU
		{2287CCC2-8C5C-46D9-B63E-F82699E2B395}.Release|Any CPU.ActiveCfg = Release|Any CPU
		{2287CCC2-8C5C-46D9-B63E-F82699E2B395}.Release|Any CPU.Build.0 = Release|Any CPU
		{2287CCC2-8C5C-46D9-B63E-F82699E2B395}.Release|x64.ActiveCfg = Release|Any CPU
		{2287CCC2-8C5C-46D9-B63E-F82699E2B395}.Release|x64.Build.0 = Release|Any CPU
		{2287CCC2-8C5C-46D9-B63E-F82699E2B395}.Release|x86.ActiveCfg = Release|Any CPU
		{2287CCC2-8C5C-46D9-B63E-F82699E2B395}.Release|x86.Build.0 = Release|Any CPU
		{0F1E4C33-B539-45B6-A287-F0EB5F72D74A}.Debug|Any CPU.ActiveCfg = Debug|Any CPU
		{0F1E4C33-B539-45B6-A287-F0EB5F72D74A}.Debug|Any CPU.Build.0 = Debug|Any CPU
		{0F1E4C33-B539-45B6-A287-F0EB5F72D74A}.Debug|x64.ActiveCfg = Debug|Any CPU
		{0F1E4C33-B539-45B6-A287-F0EB5F72D74A}.Debug|x64.Build.0 = Debug|Any CPU
		{0F1E4C33-B539-45B6-A287-F0EB5F72D74A}.Debug|x86.ActiveCfg = Debug|Any CPU
		{0F1E4C33-B539-45B6-A287-F0EB5F72D74A}.Debug|x86.Build.0 = Debug|Any CPU
		{0F1E4C33-B539-45B6-A287-F0EB5F72D74A}.Release|Any CPU.ActiveCfg = Release|Any CPU
		{0F1E4C33-B539-45B6-A287-F0EB5F72D74A}.Release|Any CPU.Build.0 = Release|Any CPU
		{0F1E4C33-B539-45B6-A287-F0EB5F72D74A}.Release|x64.ActiveCfg = Release|Any CPU
		{0F1E4C33-B539-45B6-A287-F0EB5F72D74A}.Release|x64.Build.0 = Release|Any CPU
		{0F1E4C33-B539-45B6-A287-F0EB5F72D74A}.Release|x86.ActiveCfg = Release|Any CPU
		{0F1E4C33-B539-45B6-A287-F0EB5F72D74A}.Release|x86.Build.0 = Release|Any CPU
		{F44BA633-AD95-45EC-A1E0-6C436C308E8A}.Debug|Any CPU.ActiveCfg = Debug|Any CPU
		{F44BA633-AD95-45EC-A1E0-6C436C308E8A}.Debug|Any CPU.Build.0 = Debug|Any CPU
		{F44BA633-AD95-45EC-A1E0-6C436C308E8A}.Debug|x64.ActiveCfg = Debug|Any CPU
		{F44BA633-AD95-45EC-A1E0-6C436C308E8A}.Debug|x64.Build.0 = Debug|Any CPU
		{F44BA633-AD95-45EC-A1E0-6C436C308E8A}.Debug|x86.ActiveCfg = Debug|Any CPU
		{F44BA633-AD95-45EC-A1E0-6C436C308E8A}.Debug|x86.Build.0 = Debug|Any CPU
		{F44BA633-AD95-45EC-A1E0-6C436C308E8A}.Release|Any CPU.ActiveCfg = Release|Any CPU
		{F44BA633-AD95-45EC-A1E0-6C436C308E8A}.Release|Any CPU.Build.0 = Release|Any CPU
		{F44BA633-AD95-45EC-A1E0-6C436C308E8A}.Release|x64.ActiveCfg = Release|Any CPU
		{F44BA633-AD95-45EC-A1E0-6C436C308E8A}.Release|x64.Build.0 = Release|Any CPU
		{F44BA633-AD95-45EC-A1E0-6C436C308E8A}.Release|x86.ActiveCfg = Release|Any CPU
		{F44BA633-AD95-45EC-A1E0-6C436C308E8A}.Release|x86.Build.0 = Release|Any CPU
		{1C90D90F-974F-4BC3-9546-3C09E178DA23}.Debug|Any CPU.ActiveCfg = Debug|Any CPU
		{1C90D90F-974F-4BC3-9546-3C09E178DA23}.Debug|Any CPU.Build.0 = Debug|Any CPU
		{1C90D90F-974F-4BC3-9546-3C09E178DA23}.Debug|x64.ActiveCfg = Debug|Any CPU
		{1C90D90F-974F-4BC3-9546-3C09E178DA23}.Debug|x64.Build.0 = Debug|Any CPU
		{1C90D90F-974F-4BC3-9546-3C09E178DA23}.Debug|x86.ActiveCfg = Debug|Any CPU
		{1C90D90F-974F-4BC3-9546-3C09E178DA23}.Debug|x86.Build.0 = Debug|Any CPU
		{1C90D90F-974F-4BC3-9546-3C09E178DA23}.Release|Any CPU.ActiveCfg = Release|Any CPU
		{1C90D90F-974F-4BC3-9546-3C09E178DA23}.Release|Any CPU.Build.0 = Release|Any CPU
		{1C90D90F-974F-4BC3-9546-3C09E178DA23}.Release|x64.ActiveCfg = Release|Any CPU
		{1C90D90F-974F-4BC3-9546-3C09E178DA23}.Release|x64.Build.0 = Release|Any CPU
		{1C90D90F-974F-4BC3-9546-3C09E178DA23}.Release|x86.ActiveCfg = Release|Any CPU
		{1C90D90F-974F-4BC3-9546-3C09E178DA23}.Release|x86.Build.0 = Release|Any CPU
		{23F46C05-0B04-4E5F-8313-B52DFF7A95BC}.Debug|Any CPU.ActiveCfg = Debug|Any CPU
		{23F46C05-0B04-4E5F-8313-B52DFF7A95BC}.Debug|Any CPU.Build.0 = Debug|Any CPU
		{23F46C05-0B04-4E5F-8313-B52DFF7A95BC}.Debug|x64.ActiveCfg = Debug|Any CPU
		{23F46C05-0B04-4E5F-8313-B52DFF7A95BC}.Debug|x64.Build.0 = Debug|Any CPU
		{23F46C05-0B04-4E5F-8313-B52DFF7A95BC}.Debug|x86.ActiveCfg = Debug|Any CPU
		{23F46C05-0B04-4E5F-8313-B52DFF7A95BC}.Debug|x86.Build.0 = Debug|Any CPU
		{23F46C05-0B04-4E5F-8313-B52DFF7A95BC}.Release|Any CPU.ActiveCfg = Release|Any CPU
		{23F46C05-0B04-4E5F-8313-B52DFF7A95BC}.Release|Any CPU.Build.0 = Release|Any CPU
		{23F46C05-0B04-4E5F-8313-B52DFF7A95BC}.Release|x64.ActiveCfg = Release|Any CPU
		{23F46C05-0B04-4E5F-8313-B52DFF7A95BC}.Release|x64.Build.0 = Release|Any CPU
		{23F46C05-0B04-4E5F-8313-B52DFF7A95BC}.Release|x86.ActiveCfg = Release|Any CPU
		{23F46C05-0B04-4E5F-8313-B52DFF7A95BC}.Release|x86.Build.0 = Release|Any CPU
		{A4904BCC-CC0F-410C-AC81-48EAF9868684}.Debug|Any CPU.ActiveCfg = Debug|Any CPU
		{A4904BCC-CC0F-410C-AC81-48EAF9868684}.Debug|Any CPU.Build.0 = Debug|Any CPU
		{A4904BCC-CC0F-410C-AC81-48EAF9868684}.Debug|x64.ActiveCfg = Debug|Any CPU
		{A4904BCC-CC0F-410C-AC81-48EAF9868684}.Debug|x64.Build.0 = Debug|Any CPU
		{A4904BCC-CC0F-410C-AC81-48EAF9868684}.Debug|x86.ActiveCfg = Debug|Any CPU
		{A4904BCC-CC0F-410C-AC81-48EAF9868684}.Debug|x86.Build.0 = Debug|Any CPU
		{A4904BCC-CC0F-410C-AC81-48EAF9868684}.Release|Any CPU.ActiveCfg = Release|Any CPU
		{A4904BCC-CC0F-410C-AC81-48EAF9868684}.Release|Any CPU.Build.0 = Release|Any CPU
		{A4904BCC-CC0F-410C-AC81-48EAF9868684}.Release|x64.ActiveCfg = Release|Any CPU
		{A4904BCC-CC0F-410C-AC81-48EAF9868684}.Release|x64.Build.0 = Release|Any CPU
		{A4904BCC-CC0F-410C-AC81-48EAF9868684}.Release|x86.ActiveCfg = Release|Any CPU
		{A4904BCC-CC0F-410C-AC81-48EAF9868684}.Release|x86.Build.0 = Release|Any CPU
		{768BF920-D66A-4B78-9636-427A60E33D9A}.Debug|Any CPU.ActiveCfg = Debug|Any CPU
		{768BF920-D66A-4B78-9636-427A60E33D9A}.Debug|Any CPU.Build.0 = Debug|Any CPU
		{768BF920-D66A-4B78-9636-427A60E33D9A}.Debug|x64.ActiveCfg = Debug|Any CPU
		{768BF920-D66A-4B78-9636-427A60E33D9A}.Debug|x64.Build.0 = Debug|Any CPU
		{768BF920-D66A-4B78-9636-427A60E33D9A}.Debug|x86.ActiveCfg = Debug|Any CPU
		{768BF920-D66A-4B78-9636-427A60E33D9A}.Debug|x86.Build.0 = Debug|Any CPU
		{768BF920-D66A-4B78-9636-427A60E33D9A}.Release|Any CPU.ActiveCfg = Release|Any CPU
		{768BF920-D66A-4B78-9636-427A60E33D9A}.Release|Any CPU.Build.0 = Release|Any CPU
		{768BF920-D66A-4B78-9636-427A60E33D9A}.Release|x64.ActiveCfg = Release|Any CPU
		{768BF920-D66A-4B78-9636-427A60E33D9A}.Release|x64.Build.0 = Release|Any CPU
		{768BF920-D66A-4B78-9636-427A60E33D9A}.Release|x86.ActiveCfg = Release|Any CPU
		{768BF920-D66A-4B78-9636-427A60E33D9A}.Release|x86.Build.0 = Release|Any CPU
	EndGlobalSection
	GlobalSection(SolutionProperties) = preSolution
		HideSolutionNode = FALSE
	EndGlobalSection
	GlobalSection(NestedProjects) = preSolution
		{3B6D15EA-F82C-7567-4AD9-C9C78CEC4EFF} = {87D8E73C-749D-5630-5445-424D31CF16A8}
		{2287CCC2-8C5C-46D9-B63E-F82699E2B395} = {3B6D15EA-F82C-7567-4AD9-C9C78CEC4EFF}
		{764ECBEB-3104-5668-C689-5BBE1FC9A677} = {87D8E73C-749D-5630-5445-424D31CF16A8}
		{0F1E4C33-B539-45B6-A287-F0EB5F72D74A} = {764ECBEB-3104-5668-C689-5BBE1FC9A677}
		{750C5431-BB8A-D11C-65B2-0F4CEFACA8C8} = {87D8E73C-749D-5630-5445-424D31CF16A8}
		{F44BA633-AD95-45EC-A1E0-6C436C308E8A} = {750C5431-BB8A-D11C-65B2-0F4CEFACA8C8}
		{1225A973-F010-9031-2030-8A0C6E727E3A} = {87D8E73C-749D-5630-5445-424D31CF16A8}
		{1C90D90F-974F-4BC3-9546-3C09E178DA23} = {1225A973-F010-9031-2030-8A0C6E727E3A}
		{B2799736-BF3E-8E10-C66C-F85F66A75E7A} = {87D8E73C-749D-5630-5445-424D31CF16A8}
		{23F46C05-0B04-4E5F-8313-B52DFF7A95BC} = {B2799736-BF3E-8E10-C66C-F85F66A75E7A}
		{45A8C380-F1DD-8CFB-3427-25A38C601905} = {87D8E73C-749D-5630-5445-424D31CF16A8}
		{A4904BCC-CC0F-410C-AC81-48EAF9868684} = {45A8C380-F1DD-8CFB-3427-25A38C601905}
		{02EA681E-C7D8-13C7-8484-4AC65E1B71E8} = {87D8E73C-749D-5630-5445-424D31CF16A8}
		{768BF920-D66A-4B78-9636-427A60E33D9A} = {02EA681E-C7D8-13C7-8484-4AC65E1B71E8}
	EndGlobalSection
	GlobalSection(ExtensibilityGlobals) = postSolution
		SolutionGuid = {80C0C98D-0248-4B75-8609-9F0AD5AFCF30}
	EndGlobalSection
EndGlobal
